-
  url: http://localhost:8080/reset
  # url: http://192.168.199.64:8080/reset
  sync: true
  then:
  -
    url: http://localhost:8080/buy
    # url: http://192.168.199.64:8080/buy
    timeout: 1000
    n: 120
    runtine: 20
    interval: 1
    resp:
      body: 1
  -
    url: http://localhost:8080/status
    # url: http://192.168.199.64:8080/status
    timeout: 1000
    resp:
      body: ok